Microsoft Visual Studio Solution File, Format Version 12.00
# Visual Studio 2012
Project("{2150E333-8FDC-42A3-9474-1A3956D46DE8}") = "01 Presentation", "01 Presentation", "{29B944B5-E31D-429B-9418-39704EA59821}"
EndProject
Project("{FAE04EC0-301F-11D3-BF4B-00C04F79EFBC}") = "PayProc.UI.Web", "PayProc.UI.Web\PayProc.UI.Web.csproj", "{8C489486-D184-4F63-9BD6-00A2C5AFC0C0}"
	ProjectSection(ProjectDependencies) = postProject
		{565BA22E-29A9-4325-B286-2EE61D64E264} = {565BA22E-29A9-4325-B286-2EE61D64E264}
	EndProjectSection
EndProject
Project("{2150E333-8FDC-42A3-9474-1A3956D46DE8}") = "02 Domain", "02 Domain", "{B2EF1D92-ABEF-4CD2-9DB8-41F50486AC67}"
EndProject
Project("{2150E333-8FDC-42A3-9474-1A3956D46DE8}") = "03 Data", "03 Data", "{64E3FE52-8010-47E6-8FCC-D1F9E4320E89}"
EndProject
Project("{2150E333-8FDC-42A3-9474-1A3956D46DE8}") = "04 Shared", "04 Shared", "{F2B2DCDD-837E-44D0-ABC9-60FC9D7E8194}"
EndProject
Project("{2150E333-8FDC-42A3-9474-1A3956D46DE8}") = "05 Services", "05 Services", "{A32A9BB3-7445-4FB3-BD3B-C5EA655DDAB7}"
EndProject
Project("{FAE04EC0-301F-11D3-BF4B-00C04F79EFBC}") = "PayProc.Domain.Contract", "PayProc.Business\PayProc.Domain.Contract.csproj", "{B3A6B2A0-0D0F-4E2F-9E9D-453611727A03}"
EndProject
Project("{FAE04EC0-301F-11D3-BF4B-00C04F79EFBC}") = "PayProc.Data", "PayProc.Data\PayProc.Data.csproj", "{773D1051-30B2-4E9E-B8E2-59525E915750}"
EndProject
Project("{FAE04EC0-301F-11D3-BF4B-00C04F79EFBC}") = "PayProc.Models", "PayProc.Models\PayProc.Models.csproj", "{2B0F25D0-C748-40D2-BA8D-5A4B5F94CA9E}"
EndProject
Project("{FAE04EC0-301F-11D3-BF4B-00C04F79EFBC}") = "PayProc.WebAPI", "PayProc.WebAPI\PayProc.WebAPI.csproj", "{3C7B3984-A508-4FD2-AF72-471CD78E2C42}"
EndProject
Project("{FAE04EC0-301F-11D3-BF4B-00C04F79EFBC}") = "PayProc.PaymentService", "PayProc.PaymentService\PayProc.PaymentService.csproj", "{565BA22E-29A9-4325-B286-2EE61D64E264}"
EndProject
Project("{FAE04EC0-301F-11D3-BF4B-00C04F79EFBC}") = "PayProc.Utilities", "PayProc.Utilities\PayProc.Utilities.csproj", "{D2A5AE5D-A7F1-4263-9C78-38C966AF7392}"
EndProject
Project("{FAE04EC0-301F-11D3-BF4B-00C04F79EFBC}") = "PayProc.PaymentService.Contract", "PayProc.PaymentService.Contract\PayProc.PaymentService.Contract.csproj", "{15B3E0D2-6217-493A-A690-158C497F5318}"
EndProject
Project("{FAE04EC0-301F-11D3-BF4B-00C04F79EFBC}") = "PayProc.Domain.Manager", "PayProc.Domain.Manager\PayProc.Domain.Manager.csproj", "{B2D52525-5C06-4ECF-988E-9A71AB92F6FE}"
EndProject
Global
	GlobalSection(SolutionConfigurationPlatforms) = preSolution
		Debug|Any CPU = Debug|Any CPU
		Release|Any CPU = Release|Any CPU
	EndGlobalSection
	GlobalSection(ProjectConfigurationPlatforms) = postSolution
		{8C489486-D184-4F63-9BD6-00A2C5AFC0C0}.Debug|Any CPU.ActiveCfg = Debug|Any CPU
		{8C489486-D184-4F63-9BD6-00A2C5AFC0C0}.Debug|Any CPU.Build.0 = Debug|Any CPU
		{8C489486-D184-4F63-9BD6-00A2C5AFC0C0}.Release|Any CPU.ActiveCfg = Release|Any CPU
		{8C489486-D184-4F63-9BD6-00A2C5AFC0C0}.Release|Any CPU.Build.0 = Release|Any CPU
		{B3A6B2A0-0D0F-4E2F-9E9D-453611727A03}.Debug|Any CPU.ActiveCfg = Debug|Any CPU
		{B3A6B2A0-0D0F-4E2F-9E9D-453611727A03}.Debug|Any CPU.Build.0 = Debug|Any CPU
		{B3A6B2A0-0D0F-4E2F-9E9D-453611727A03}.Release|Any CPU.ActiveCfg = Release|Any CPU
		{B3A6B2A0-0D0F-4E2F-9E9D-453611727A03}.Release|Any CPU.Build.0 = Release|Any CPU
		{773D1051-30B2-4E9E-B8E2-59525E915750}.Debug|Any CPU.ActiveCfg = Debug|Any CPU
		{773D1051-30B2-4E9E-B8E2-59525E915750}.Debug|Any CPU.Build.0 = Debug|Any CPU
		{773D1051-30B2-4E9E-B8E2-59525E915750}.Release|Any CPU.ActiveCfg = Release|Any CPU
		{773D1051-30B2-4E9E-B8E2-59525E915750}.Release|Any CPU.Build.0 = Release|Any CPU
		{2B0F25D0-C748-40D2-BA8D-5A4B5F94CA9E}.Debug|Any CPU.ActiveCfg = Debug|Any CPU
		{2B0F25D0-C748-40D2-BA8D-5A4B5F94CA9E}.Debug|Any CPU.Build.0 = Debug|Any CPU
		{2B0F25D0-C748-40D2-BA8D-5A4B5F94CA9E}.Release|Any CPU.ActiveCfg = Release|Any CPU
		{2B0F25D0-C748-40D2-BA8D-5A4B5F94CA9E}.Release|Any CPU.Build.0 = Release|Any CPU
		{3C7B3984-A508-4FD2-AF72-471CD78E2C42}.Debug|Any CPU.ActiveCfg = Debug|Any CPU
		{3C7B3984-A508-4FD2-AF72-471CD78E2C42}.Debug|Any CPU.Build.0 = Debug|Any CPU
		{3C7B3984-A508-4FD2-AF72-471CD78E2C42}.Release|Any CPU.ActiveCfg = Release|Any CPU
		{3C7B3984-A508-4FD2-AF72-471CD78E2C42}.Release|Any CPU.Build.0 = Release|Any CPU
		{565BA22E-29A9-4325-B286-2EE61D64E264}.Debug|Any CPU.ActiveCfg = Debug|Any CPU
		{565BA22E-29A9-4325-B286-2EE61D64E264}.Debug|Any CPU.Build.0 = Debug|Any CPU
		{565BA22E-29A9-4325-B286-2EE61D64E264}.Release|Any CPU.ActiveCfg = Release|Any CPU
		{565BA22E-29A9-4325-B286-2EE61D64E264}.Release|Any CPU.Build.0 = Release|Any CPU
		{D2A5AE5D-A7F1-4263-9C78-38C966AF7392}.Debug|Any CPU.ActiveCfg = Debug|Any CPU
		{D2A5AE5D-A7F1-4263-9C78-38C966AF7392}.Debug|Any CPU.Build.0 = Debug|Any CPU
		{D2A5AE5D-A7F1-4263-9C78-38C966AF7392}.Release|Any CPU.ActiveCfg = Release|Any CPU
		{D2A5AE5D-A7F1-4263-9C78-38C966AF7392}.Release|Any CPU.Build.0 = Release|Any CPU
		{15B3E0D2-6217-493A-A690-158C497F5318}.Debug|Any CPU.ActiveCfg = Debug|Any CPU
		{15B3E0D2-6217-493A-A690-158C497F5318}.Debug|Any CPU.Build.0 = Debug|Any CPU
		{15B3E0D2-6217-493A-A690-158C497F5318}.Release|Any CPU.ActiveCfg = Release|Any CPU
		{15B3E0D2-6217-493A-A690-158C497F5318}.Release|Any CPU.Build.0 = Release|Any CPU
		{B2D52525-5C06-4ECF-988E-9A71AB92F6FE}.Debug|Any CPU.ActiveCfg = Debug|Any CPU
		{B2D52525-5C06-4ECF-988E-9A71AB92F6FE}.Debug|Any CPU.Build.0 = Debug|Any CPU
		{B2D52525-5C06-4ECF-988E-9A71AB92F6FE}.Release|Any CPU.ActiveCfg = Release|Any CPU
		{B2D52525-5C06-4ECF-988E-9A71AB92F6FE}.Release|Any CPU.Build.0 = Release|Any CPU
	EndGlobalSection
	GlobalSection(SolutionProperties) = preSolution
		HideSolutionNode = FALSE
	EndGlobalSection
	GlobalSection(NestedProjects) = preSolution
		{8C489486-D184-4F63-9BD6-00A2C5AFC0C0} = {29B944B5-E31D-429B-9418-39704EA59821}
		{B3A6B2A0-0D0F-4E2F-9E9D-453611727A03} = {B2EF1D92-ABEF-4CD2-9DB8-41F50486AC67}
		{B2D52525-5C06-4ECF-988E-9A71AB92F6FE} = {B2EF1D92-ABEF-4CD2-9DB8-41F50486AC67}
		{773D1051-30B2-4E9E-B8E2-59525E915750} = {64E3FE52-8010-47E6-8FCC-D1F9E4320E89}
		{2B0F25D0-C748-40D2-BA8D-5A4B5F94CA9E} = {F2B2DCDD-837E-44D0-ABC9-60FC9D7E8194}
		{D2A5AE5D-A7F1-4263-9C78-38C966AF7392} = {F2B2DCDD-837E-44D0-ABC9-60FC9D7E8194}
		{3C7B3984-A508-4FD2-AF72-471CD78E2C42} = {A32A9BB3-7445-4FB3-BD3B-C5EA655DDAB7}
		{565BA22E-29A9-4325-B286-2EE61D64E264} = {A32A9BB3-7445-4FB3-BD3B-C5EA655DDAB7}
		{15B3E0D2-6217-493A-A690-158C497F5318} = {A32A9BB3-7445-4FB3-BD3B-C5EA655DDAB7}
	EndGlobalSection
EndGlobal
